
Microsoft Visual Studio Solution File, Format Version 12.00
# Visual Studio 15
VisualStudioVersion = 15.0.27130.2027
MinimumVisualStudioVersion = 10.0.40219.1
Project("{FAE04EC0-301F-11D3-BF4B-00C04F79EFBC}") = "BenLib", "BenLib\BenLib.csproj", "{6508F952-9675-4B56-9623-7CA7BA5DCBF1}"
EndProject
Project("{FAE04EC0-301F-11D3-BF4B-00C04F79EFBC}") = "BenLib.WPF", "BenLib.WPF\BenLib.WPF.csproj", "{162852A6-A275-4ACB-916D-0692E53E284F}"
EndProject
Global
	GlobalSection(SolutionConfigurationPlatforms) = preSolution
		Debug|Any CPU = Debug|Any CPU
		Release|Any CPU = Release|Any CPU
	EndGlobalSection
	GlobalSection(ProjectConfigurationPlatforms) = postSolution
		{6508F952-9675-4B56-9623-7CA7BA5DCBF1}.Debug|Any CPU.ActiveCfg = Debug|Any CPU
		{6508F952-9675-4B56-9623-7CA7BA5DCBF1}.Debug|Any CPU.Build.0 = Debug|Any CPU
		{6508F952-9675-4B56-9623-7CA7BA5DCBF1}.Release|Any CPU.ActiveCfg = Release|Any CPU
		{6508F952-9675-4B56-9623-7CA7BA5DCBF1}.Release|Any CPU.Build.0 = Release|Any CPU
		{162852A6-A275-4ACB-916D-0692E53E284F}.Debug|Any CPU.ActiveCfg = Debug|Any CPU
		{162852A6-A275-4ACB-916D-0692E53E284F}.Debug|Any CPU.Build.0 = Debug|Any CPU
		{162852A6-A275-4ACB-916D-0692E53E284F}.Release|Any CPU.ActiveCfg = Release|Any CPU
		{162852A6-A275-4ACB-916D-0692E53E284F}.Release|Any CPU.Build.0 = Release|Any CPU
	EndGlobalSection
	GlobalSection(SolutionProperties) = preSolution
		HideSolutionNode = FALSE
	EndGlobalSection
	GlobalSection(ExtensibilityGlobals) = postSolution
		SolutionGuid = {9D95A838-D2F8-4EDD-A688-43F034B2052A}
	EndGlobalSection
	GlobalSection(AutomaticVersions) = postSolution
		UpdateAssemblyVersion = True
		UpdateAssemblyFileVersion = True
		UpdateAssemblyInfoVersion = False
		AssemblyVersionSettings = YearStamp.MonthStamp.DayStamp.TimeStamp
		AssemblyFileVersionSettings = YearStamp.MonthStamp.DayStamp.TimeStamp
		UpdatePackageVersion = False
		AssemblyInfoVersionType = SettingsVersion
	EndGlobalSection
EndGlobal
