
Microsoft Visual Studio Solution File, Format Version 12.00
# Visual Studio Version 16
VisualStudioVersion = 16.0.28803.156
MinimumVisualStudioVersion = 10.0.40219.1
Project("{FAE04EC0-301F-11D3-BF4B-00C04F79EFBC}") = "BenLib", "BenLib\BenLib.csproj", "{6508F952-9675-4B56-9623-7CA7BA5DCBF1}"
	ProjectSection(ProjectDependencies) = postProject
		{3ED1A0F1-24B4-4936-8BA7-75B90E4D67C1} = {3ED1A0F1-24B4-4936-8BA7-75B90E4D67C1}
	EndProjectSection
EndProject
Project("{FAE04EC0-301F-11D3-BF4B-00C04F79EFBC}") = "BenLib.WPF", "BenLib.WPF\BenLib.WPF.csproj", "{162852A6-A275-4ACB-916D-0692E53E284F}"
	ProjectSection(ProjectDependencies) = postProject
		{6508F952-9675-4B56-9623-7CA7BA5DCBF1} = {6508F952-9675-4B56-9623-7CA7BA5DCBF1}
		{3ED1A0F1-24B4-4936-8BA7-75B90E4D67C1} = {3ED1A0F1-24B4-4936-8BA7-75B90E4D67C1}
	EndProjectSection
EndProject
Project("{FAE04EC0-301F-11D3-BF4B-00C04F79EFBC}") = "BenLib.Test", "BenLib.Test\BenLib.Test.csproj", "{2E9BD66A-522F-4F40-B80C-C6F4F7443C88}"
	ProjectSection(ProjectDependencies) = postProject
		{6508F952-9675-4B56-9623-7CA7BA5DCBF1} = {6508F952-9675-4B56-9623-7CA7BA5DCBF1}
		{162852A6-A275-4ACB-916D-0692E53E284F} = {162852A6-A275-4ACB-916D-0692E53E284F}
		{3ED1A0F1-24B4-4936-8BA7-75B90E4D67C1} = {3ED1A0F1-24B4-4936-8BA7-75B90E4D67C1}
	EndProjectSection
EndProject
Project("{9A19103F-16F7-4668-BE54-9A1E7A4F7556}") = "BenLib.Standard", "BenLib.Standard\BenLib.Standard.csproj", "{3ED1A0F1-24B4-4936-8BA7-75B90E4D67C1}"
EndProject
Global
	GlobalSection(SolutionConfigurationPlatforms) = preSolution
		Debug|Any CPU = Debug|Any CPU
		Release|Any CPU = Release|Any CPU
	EndGlobalSection
	GlobalSection(ProjectConfigurationPlatforms) = postSolution
		{6508F952-9675-4B56-9623-7CA7BA5DCBF1}.Debug|Any CPU.ActiveCfg = Debug|Any CPU
		{6508F952-9675-4B56-9623-7CA7BA5DCBF1}.Debug|Any CPU.Build.0 = Debug|Any CPU
		{6508F952-9675-4B56-9623-7CA7BA5DCBF1}.Release|Any CPU.ActiveCfg = Release|Any CPU
		{6508F952-9675-4B56-9623-7CA7BA5DCBF1}.Release|Any CPU.Build.0 = Release|Any CPU
		{162852A6-A275-4ACB-916D-0692E53E284F}.Debug|Any CPU.ActiveCfg = Debug|Any CPU
		{162852A6-A275-4ACB-916D-0692E53E284F}.Debug|Any CPU.Build.0 = Debug|Any CPU
		{162852A6-A275-4ACB-916D-0692E53E284F}.Release|Any CPU.ActiveCfg = Release|Any CPU
		{162852A6-A275-4ACB-916D-0692E53E284F}.Release|Any CPU.Build.0 = Release|Any CPU
		{2E9BD66A-522F-4F40-B80C-C6F4F7443C88}.Debug|Any CPU.ActiveCfg = Debug|Any CPU
		{2E9BD66A-522F-4F40-B80C-C6F4F7443C88}.Debug|Any CPU.Build.0 = Debug|Any CPU
		{2E9BD66A-522F-4F40-B80C-C6F4F7443C88}.Release|Any CPU.ActiveCfg = Release|Any CPU
		{2E9BD66A-522F-4F40-B80C-C6F4F7443C88}.Release|Any CPU.Build.0 = Release|Any CPU
		{3ED1A0F1-24B4-4936-8BA7-75B90E4D67C1}.Debug|Any CPU.ActiveCfg = Debug|Any CPU
		{3ED1A0F1-24B4-4936-8BA7-75B90E4D67C1}.Debug|Any CPU.Build.0 = Debug|Any CPU
		{3ED1A0F1-24B4-4936-8BA7-75B90E4D67C1}.Release|Any CPU.ActiveCfg = Release|Any CPU
		{3ED1A0F1-24B4-4936-8BA7-75B90E4D67C1}.Release|Any CPU.Build.0 = Release|Any CPU
	EndGlobalSection
	GlobalSection(SolutionProperties) = preSolution
		HideSolutionNode = FALSE
	EndGlobalSection
	GlobalSection(ExtensibilityGlobals) = postSolution
		SolutionGuid = {9D95A838-D2F8-4EDD-A688-43F034B2052A}
	EndGlobalSection
	GlobalSection(AutomaticVersions) = postSolution
		UpdateAssemblyVersion = True
		UpdateAssemblyFileVersion = True
		UpdateAssemblyInfoVersion = False
		AssemblyVersionSettings = YearStamp.MonthStamp.DayStamp.TimeStamp
		AssemblyFileVersionSettings = YearStamp.MonthStamp.DayStamp.TimeStamp
		UpdatePackageVersion = False
		AssemblyInfoVersionType = SettingsVersion
	EndGlobalSection
EndGlobal
